
Microsoft Visual Studio Solution File, Format Version 12.00
# Visual Studio 15
Project("{FAE04EC0-301F-11D3-BF4B-00C04F79EFBC}") = "Scripts", "Scripts.csproj", "{95D0B8F0-FF53-089E-9E9B-A05E48C5BE51}"
EndProject
Project("{FAE04EC0-301F-11D3-BF4B-00C04F79EFBC}") = "PlayMode", "PlayMode.csproj", "{1F0C37E6-7876-3D88-6265-5500E51C9703}"
EndProject
Project("{FAE04EC0-301F-11D3-BF4B-00C04F79EFBC}") = "Assembly-CSharp-Editor", "Assembly-CSharp-Editor.csproj", "{38EAC534-B048-C733-739F-0D9C1EE26AE5}"
EndProject
Project("{FAE04EC0-301F-11D3-BF4B-00C04F79EFBC}") = "Tests", "Tests.csproj", "{C2C16B0D-0DC8-95C0-53FC-BAE2AC54B069}"
EndProject
Global
	GlobalSection(SolutionConfigurationPlatforms) = preSolution
		Debug|Any CPU = Debug|Any CPU
		Release|Any CPU = Release|Any CPU
	EndGlobalSection
	GlobalSection(ProjectConfigurationPlatforms) = postSolution
		{95D0B8F0-FF53-089E-9E9B-A05E48C5BE51}.Debug|Any CPU.ActiveCfg = Debug|Any CPU
		{95D0B8F0-FF53-089E-9E9B-A05E48C5BE51}.Debug|Any CPU.Build.0 = Debug|Any CPU
		{95D0B8F0-FF53-089E-9E9B-A05E48C5BE51}.Release|Any CPU.ActiveCfg = Release|Any CPU
		{95D0B8F0-FF53-089E-9E9B-A05E48C5BE51}.Release|Any CPU.Build.0 = Release|Any CPU
		{1F0C37E6-7876-3D88-6265-5500E51C9703}.Debug|Any CPU.ActiveCfg = Debug|Any CPU
		{1F0C37E6-7876-3D88-6265-5500E51C9703}.Debug|Any CPU.Build.0 = Debug|Any CPU
		{1F0C37E6-7876-3D88-6265-5500E51C9703}.Release|Any CPU.ActiveCfg = Release|Any CPU
		{1F0C37E6-7876-3D88-6265-5500E51C9703}.Release|Any CPU.Build.0 = Release|Any CPU
		{38EAC534-B048-C733-739F-0D9C1EE26AE5}.Debug|Any CPU.ActiveCfg = Debug|Any CPU
		{38EAC534-B048-C733-739F-0D9C1EE26AE5}.Debug|Any CPU.Build.0 = Debug|Any CPU
		{38EAC534-B048-C733-739F-0D9C1EE26AE5}.Release|Any CPU.ActiveCfg = Release|Any CPU
		{38EAC534-B048-C733-739F-0D9C1EE26AE5}.Release|Any CPU.Build.0 = Release|Any CPU
		{C2C16B0D-0DC8-95C0-53FC-BAE2AC54B069}.Debug|Any CPU.ActiveCfg = Debug|Any CPU
		{C2C16B0D-0DC8-95C0-53FC-BAE2AC54B069}.Debug|Any CPU.Build.0 = Debug|Any CPU
		{C2C16B0D-0DC8-95C0-53FC-BAE2AC54B069}.Release|Any CPU.ActiveCfg = Release|Any CPU
		{C2C16B0D-0DC8-95C0-53FC-BAE2AC54B069}.Release|Any CPU.Build.0 = Release|Any CPU
	EndGlobalSection
	GlobalSection(SolutionProperties) = preSolution
		HideSolutionNode = FALSE
	EndGlobalSection
EndGlobal
